
Microsoft Visual Studio Solution File, Format Version 12.00
# Visual Studio 2013
VisualStudioVersion = 12.0.31101.0
MinimumVisualStudioVersion = 10.0.40219.1
Project("{FAE04EC0-301F-11D3-BF4B-00C04F79EFBC}") = "OnlineShop", "OnlineShop\OnlineShop.csproj", "{B394BD3F-8E5F-4837-84C1-F9C5F1A56971}"
EndProject
Project("{FAE04EC0-301F-11D3-BF4B-00C04F79EFBC}") = "OnlineShop.Tests", "OnlineShop.Tests\OnlineShop.Tests.csproj", "{51D8AB72-CCA8-4DC3-A536-5C4AA1FE3205}"
EndProject
Global
	GlobalSection(TeamFoundationVersionControl) = preSolution
		SccNumberOfProjects = 3
		SccEnterpriseProvider = {4CA58AB2-18FA-4F8D-95D4-32DDF27D184C}
		SccTeamFoundationServer = https://sklepmvc.visualstudio.com/defaultcollection
		SccLocalPath0 = .
		SccProjectUniqueName1 = OnlineShop.Tests\\OnlineShop.Tests.csproj
		SccProjectName1 = OnlineShop.Tests
		SccLocalPath1 = OnlineShop.Tests
		SccProjectUniqueName2 = OnlineShop\\OnlineShop.csproj
		SccProjectName2 = OnlineShop
		SccLocalPath2 = OnlineShop
	EndGlobalSection
	GlobalSection(SolutionConfigurationPlatforms) = preSolution
		Debug|Any CPU = Debug|Any CPU
		Release|Any CPU = Release|Any CPU
	EndGlobalSection
	GlobalSection(ProjectConfigurationPlatforms) = postSolution
		{B394BD3F-8E5F-4837-84C1-F9C5F1A56971}.Debug|Any CPU.ActiveCfg = Debug|Any CPU
		{B394BD3F-8E5F-4837-84C1-F9C5F1A56971}.Debug|Any CPU.Build.0 = Debug|Any CPU
		{B394BD3F-8E5F-4837-84C1-F9C5F1A56971}.Release|Any CPU.ActiveCfg = Release|Any CPU
		{B394BD3F-8E5F-4837-84C1-F9C5F1A56971}.Release|Any CPU.Build.0 = Release|Any CPU
		{51D8AB72-CCA8-4DC3-A536-5C4AA1FE3205}.Debug|Any CPU.ActiveCfg = Debug|Any CPU
		{51D8AB72-CCA8-4DC3-A536-5C4AA1FE3205}.Debug|Any CPU.Build.0 = Debug|Any CPU
		{51D8AB72-CCA8-4DC3-A536-5C4AA1FE3205}.Release|Any CPU.ActiveCfg = Release|Any CPU
		{51D8AB72-CCA8-4DC3-A536-5C4AA1FE3205}.Release|Any CPU.Build.0 = Release|Any CPU
	EndGlobalSection
	GlobalSection(SolutionProperties) = preSolution
		HideSolutionNode = FALSE
	EndGlobalSection
EndGlobal
